
Microsoft Visual Studio Solution File, Format Version 12.00
# Visual Studio Version 17
VisualStudioVersion = 17.4.33205.214
MinimumVisualStudioVersion = 10.0.40219.1
Project("{8BC9CEB8-8B4A-11D0-8D11-00A0C91BC942}") = "suika", "suika\suika.vcxproj", "{9E9CF0AC-C0A6-4620-BF77-9F462FE30FED}"
EndProject
Project("{8BC9CEB8-8B4A-11D0-8D11-00A0C91BC942}") = "test", "test\test.vcxproj", "{96623F8B-D394-4175-A507-BB9A9FA0AD0E}"
	ProjectSection(ProjectDependencies) = postProject
		{9E9CF0AC-C0A6-4620-BF77-9F462FE30FED} = {9E9CF0AC-C0A6-4620-BF77-9F462FE30FED}
		{AC5DE53F-FFA4-47A6-8ABF-84710F48A88F} = {AC5DE53F-FFA4-47A6-8ABF-84710F48A88F}
	EndProjectSection
EndProject
Project("{8BC9CEB8-8B4A-11D0-8D11-00A0C91BC942}") = "unit_test", "unit_test\unit_test.vcxproj", "{AC5DE53F-FFA4-47A6-8ABF-84710F48A88F}"
	ProjectSection(ProjectDependencies) = postProject
		{9E9CF0AC-C0A6-4620-BF77-9F462FE30FED} = {9E9CF0AC-C0A6-4620-BF77-9F462FE30FED}
	EndProjectSection
EndProject
Global
	GlobalSection(SolutionConfigurationPlatforms) = preSolution
		Debug|x64 = Debug|x64
		Debug|x86 = Debug|x86
		Release|x64 = Release|x64
		Release|x86 = Release|x86
	EndGlobalSection
	GlobalSection(ProjectConfigurationPlatforms) = postSolution
		{9E9CF0AC-C0A6-4620-BF77-9F462FE30FED}.Debug|x64.ActiveCfg = Debug|x64
		{9E9CF0AC-C0A6-4620-BF77-9F462FE30FED}.Debug|x64.Build.0 = Debug|x64
		{9E9CF0AC-C0A6-4620-BF77-9F462FE30FED}.Debug|x86.ActiveCfg = Debug|Win32
		{9E9CF0AC-C0A6-4620-BF77-9F462FE30FED}.Debug|x86.Build.0 = Debug|Win32
		{9E9CF0AC-C0A6-4620-BF77-9F462FE30FED}.Release|x64.ActiveCfg = Release|x64
		{9E9CF0AC-C0A6-4620-BF77-9F462FE30FED}.Release|x64.Build.0 = Release|x64
		{9E9CF0AC-C0A6-4620-BF77-9F462FE30FED}.Release|x86.ActiveCfg = Release|Win32
		{9E9CF0AC-C0A6-4620-BF77-9F462FE30FED}.Release|x86.Build.0 = Release|Win32
		{96623F8B-D394-4175-A507-BB9A9FA0AD0E}.Debug|x64.ActiveCfg = Debug|x64
		{96623F8B-D394-4175-A507-BB9A9FA0AD0E}.Debug|x64.Build.0 = Debug|x64
		{96623F8B-D394-4175-A507-BB9A9FA0AD0E}.Debug|x86.ActiveCfg = Debug|Win32
		{96623F8B-D394-4175-A507-BB9A9FA0AD0E}.Debug|x86.Build.0 = Debug|Win32
		{96623F8B-D394-4175-A507-BB9A9FA0AD0E}.Release|x64.ActiveCfg = Release|x64
		{96623F8B-D394-4175-A507-BB9A9FA0AD0E}.Release|x64.Build.0 = Release|x64
		{96623F8B-D394-4175-A507-BB9A9FA0AD0E}.Release|x86.ActiveCfg = Release|Win32
		{96623F8B-D394-4175-A507-BB9A9FA0AD0E}.Release|x86.Build.0 = Release|Win32
		{AC5DE53F-FFA4-47A6-8ABF-84710F48A88F}.Debug|x64.ActiveCfg = Debug|x64
		{AC5DE53F-FFA4-47A6-8ABF-84710F48A88F}.Debug|x64.Build.0 = Debug|x64
		{AC5DE53F-FFA4-47A6-8ABF-84710F48A88F}.Debug|x86.ActiveCfg = Debug|Win32
		{AC5DE53F-FFA4-47A6-8ABF-84710F48A88F}.Debug|x86.Build.0 = Debug|Win32
		{AC5DE53F-FFA4-47A6-8ABF-84710F48A88F}.Release|x64.ActiveCfg = Release|x64
		{AC5DE53F-FFA4-47A6-8ABF-84710F48A88F}.Release|x64.Build.0 = Release|x64
		{AC5DE53F-FFA4-47A6-8ABF-84710F48A88F}.Release|x86.ActiveCfg = Release|Win32
		{AC5DE53F-FFA4-47A6-8ABF-84710F48A88F}.Release|x86.Build.0 = Release|Win32
	EndGlobalSection
	GlobalSection(SolutionProperties) = preSolution
		HideSolutionNode = FALSE
	EndGlobalSection
	GlobalSection(ExtensibilityGlobals) = postSolution
		SolutionGuid = {EBD5948F-4DD1-4123-AD0C-7AB12C88AD02}
	EndGlobalSection
EndGlobal
